
Microsoft Visual Studio Solution File, Format Version 12.00
# Visual Studio Version 17
VisualStudioVersion = 17.5.33530.505
MinimumVisualStudioVersion = 10.0.40219.1
Project("{FAE04EC0-301F-11D3-BF4B-00C04F79EFBC}") = "Exceptions", "Exceptions\Exceptions.csproj", "{D02F9596-6D6A-4A4D-B716-6F52BCBFBA4A}"
EndProject
Global
	GlobalSection(SolutionConfigurationPlatforms) = preSolution
		Debug|Any CPU = Debug|Any CPU
		Release|Any CPU = Release|Any CPU
	EndGlobalSection
	GlobalSection(ProjectConfigurationPlatforms) = postSolution
		{D02F9596-6D6A-4A4D-B716-6F52BCBFBA4A}.Debug|Any CPU.ActiveCfg = Debug|Any CPU
		{D02F9596-6D6A-4A4D-B716-6F52BCBFBA4A}.Debug|Any CPU.Build.0 = Debug|Any CPU
		{D02F9596-6D6A-4A4D-B716-6F52BCBFBA4A}.Release|Any CPU.ActiveCfg = Release|Any CPU
		{D02F9596-6D6A-4A4D-B716-6F52BCBFBA4A}.Release|Any CPU.Build.0 = Release|Any CPU
	EndGlobalSection
	GlobalSection(SolutionProperties) = preSolution
		HideSolutionNode = FALSE
	EndGlobalSection
	GlobalSection(ExtensibilityGlobals) = postSolution
		SolutionGuid = {0783D144-7F52-4CDE-8E42-46B09E616534}
	EndGlobalSection
EndGlobal
